
Microsoft Visual Studio Solution File, Format Version 12.00
# Visual Studio 2015
Project("{FAE04EC0-301F-11D3-BF4B-00C04F79EFBC}") = "Programming-Bounce.CSharp", "Programming-Bounce.CSharp.csproj", "{0728C0B1-7F33-320A-69C3-C88DA2015F78}"
EndProject
Global
	GlobalSection(SolutionConfigurationPlatforms) = preSolution
		Debug|Any CPU = Debug|Any CPU
		Release|Any CPU = Release|Any CPU
	EndGlobalSection
	GlobalSection(ProjectConfigurationPlatforms) = postSolution
		{0728C0B1-7F33-320A-69C3-C88DA2015F78}.Debug|Any CPU.ActiveCfg = Debug|Any CPU
		{0728C0B1-7F33-320A-69C3-C88DA2015F78}.Debug|Any CPU.Build.0 = Debug|Any CPU
		{0728C0B1-7F33-320A-69C3-C88DA2015F78}.Release|Any CPU.ActiveCfg = Release|Any CPU
		{0728C0B1-7F33-320A-69C3-C88DA2015F78}.Release|Any CPU.Build.0 = Release|Any CPU
	EndGlobalSection
	GlobalSection(SolutionProperties) = preSolution
		HideSolutionNode = FALSE
	EndGlobalSection
EndGlobal
